Microsoft Visual Studio Solution File, Format Version 12.00
# Visual Studio Version 17
VisualStudioVersion = 17.5.2.0
MinimumVisualStudioVersion = 10.0.40219.1
Project("{FAE04EC0-301F-11D3-BF4B-00C04F79EFBC}") = "KedaScalingTest", "KedaScalingTest.csproj", "{4C7D048F-B8A7-3F24-0E83-491768FAE0BF}"
EndProject
Global
	GlobalSection(SolutionConfigurationPlatforms) = preSolution
		Debug|Any CPU = Debug|Any CPU
		Release|Any CPU = Release|Any CPU
	EndGlobalSection
	GlobalSection(ProjectConfigurationPlatforms) = postSolution
		{4C7D048F-B8A7-3F24-0E83-491768FAE0BF}.Debug|Any CPU.ActiveCfg = Debug|Any CPU
		{4C7D048F-B8A7-3F24-0E83-491768FAE0BF}.Debug|Any CPU.Build.0 = Debug|Any CPU
		{4C7D048F-B8A7-3F24-0E83-491768FAE0BF}.Release|Any CPU.ActiveCfg = Release|Any CPU
		{4C7D048F-B8A7-3F24-0E83-491768FAE0BF}.Release|Any CPU.Build.0 = Release|Any CPU
	EndGlobalSection
	GlobalSection(SolutionProperties) = preSolution
		HideSolutionNode = FALSE
	EndGlobalSection
	GlobalSection(ExtensibilityGlobals) = postSolution
		SolutionGuid = {73DD0577-B4D4-406B-9524-417E4F827756}
	EndGlobalSection
EndGlobal
